
Microsoft Visual Studio Solution File, Format Version 12.00
# Visual Studio Version 17
VisualStudioVersion = 17.8.34330.188
MinimumVisualStudioVersion = 10.0.40219.1
Project("{2150E333-8FDC-42A3-9474-1A3956D46DE8}") = "AccessManager", "AccessManager", "{59FD8DBF-B44C-4AB7-A22F-ADE964F9B1E7}"
EndProject
Project("{2150E333-8FDC-42A3-9474-1A3956D46DE8}") = "SQLTranscriber", "SQLTranscriber", "{F182F1B1-D897-4D5E-88BC-190E38FAB549}"
EndProject
Global
	GlobalSection(SolutionProperties) = preSolution
		HideSolutionNode = FALSE
	EndGlobalSection
	GlobalSection(ExtensibilityGlobals) = postSolution
		SolutionGuid = {5F8C9AD0-656B-4760-A9B6-E72F0B81531C}
	EndGlobalSection
EndGlobal
